
Microsoft Visual Studio Solution File, Format Version 12.00
# Visual Studio Version 17
VisualStudioVersion = 17.9.34728.123
MinimumVisualStudioVersion = 10.0.40219.1
Project("{9A19103F-16F7-4668-BE54-9A1E7A4F7556}") = "hashes-ghosts", "hashes-ghosts.csproj", "{5CFA48CB-2AB8-4B8C-BB07-D804F9610451}"
EndProject
Global
	GlobalSection(SolutionConfigurationPlatforms) = preSolution
		Debug|Any CPU = Debug|Any CPU
		Release|Any CPU = Release|Any CPU
	EndGlobalSection
	GlobalSection(ProjectConfigurationPlatforms) = postSolution
		{5CFA48CB-2AB8-4B8C-BB07-D804F9610451}.Debug|Any CPU.ActiveCfg = Debug|Any CPU
		{5CFA48CB-2AB8-4B8C-BB07-D804F9610451}.Debug|Any CPU.Build.0 = Debug|Any CPU
		{5CFA48CB-2AB8-4B8C-BB07-D804F9610451}.Release|Any CPU.ActiveCfg = Release|Any CPU
		{5CFA48CB-2AB8-4B8C-BB07-D804F9610451}.Release|Any CPU.Build.0 = Release|Any CPU
	EndGlobalSection
	GlobalSection(SolutionProperties) = preSolution
		HideSolutionNode = FALSE
	EndGlobalSection
	GlobalSection(ExtensibilityGlobals) = postSolution
		SolutionGuid = {DF68616E-785E-4B54-AF3C-236DFD459B7F}
	EndGlobalSection
EndGlobal
